<?xml version="1.0" encoding="UTF-8"?>
<!DOCTYPE plist PUBLIC "-//Apple//DTD PLIST 1.0//EN" "http://www.apple.com/DTDs/PropertyList-1.0.dtd">
<plist version="1.0">
<dict>
	<key>archiveVersion</key>
	<string>1</string>
	<key>classes</key>
	<dict/>
	<key>objectVersion</key>
	<string>46</string>
	<key>objects</key>
	<dict>
		<key>2B2CC5E374F852D14A472800</key>
		<dict>
			<key>explicitFileType</key>
			<string>wrapper.framework</string>
			<key>includeInIndex</key>
			<string>0</string>
			<key>isa</key>
			<string>PBXFileReference</string>
			<key>path</key>
			<string>Pods_lookingfor_2ndproject.framework</string>
			<key>sourceTree</key>
			<string>BUILT_PRODUCTS_DIR</string>
		</dict>
		<key>435E78EFA99B3E879FE6FED5</key>
		<dict>
			<key>children</key>
			<array>
				<string>A9C8E3C7C36D2E597000C6DB</string>
				<string>EF94559278A9E30E81CFE14D</string>
			</array>
			<key>isa</key>
			<string>PBXGroup</string>
			<key>name</key>
			<string>Pods</string>
			<key>sourceTree</key>
			<string>&lt;group&gt;</string>
		</dict>
		<key>4BEE527E593477BD9A42B34C</key>
		<dict>
			<key>fileRef</key>
			<string>2B2CC5E374F852D14A472800</string>
			<key>isa</key>
			<string>PBXBuildFile</string>
		</dict>
		<key>695DD97E764EF5858EB50633</key>
		<dict>
			<key>buildActionMask</key>
			<string>2147483647</string>
			<key>files</key>
			<array/>
			<key>inputPaths</key>
			<array/>
			<key>isa</key>
			<string>PBXShellScriptBuildPhase</string>
			<key>name</key>
			<string>Check Pods Manifest.lock</string>
			<key>outputPaths</key>
			<array/>
			<key>runOnlyForDeploymentPostprocessing</key>
			<string>0</string>
			<key>shellPath</key>
			<string>/bin/sh</string>
			<key>shellScript</key>
			<string>diff "${PODS_ROOT}/../Podfile.lock" "${PODS_ROOT}/Manifest.lock" &gt; /dev/null
if [[ $? != 0 ]] ; then
    cat &lt;&lt; EOM
error: The sandbox is not in sync with the Podfile.lock. Run 'pod install' or update your CocoaPods installation.
EOM
    exit 1
fi
</string>
			<key>showEnvVarsInLog</key>
			<string>0</string>
		</dict>
		<key>843ACCFA911F61638BA2A007</key>
		<dict>
			<key>buildActionMask</key>
			<string>2147483647</string>
			<key>files</key>
			<array/>
			<key>inputPaths</key>
			<array/>
			<key>isa</key>
			<string>PBXShellScriptBuildPhase</string>
			<key>name</key>
			<string>Copy Pods Resources</string>
			<key>outputPaths</key>
			<array/>
			<key>runOnlyForDeploymentPostprocessing</key>
			<string>0</string>
			<key>shellPath</key>
			<string>/bin/sh</string>
			<key>shellScript</key>
			<string>"${SRCROOT}/Pods/Target Support Files/Pods-lookingfor-2ndproject/Pods-lookingfor-2ndproject-resources.sh"
</string>
			<key>showEnvVarsInLog</key>
			<string>0</string>
		</dict>
		<key>9AD6E1C631FD791599F38F82</key>
		<dict>
			<key>children</key>
			<array>
				<string>2B2CC5E374F852D14A472800</string>
			</array>
			<key>isa</key>
			<string>PBXGroup</string>
			<key>name</key>
			<string>Frameworks</string>
			<key>sourceTree</key>
			<string>&lt;group&gt;</string>
		</dict>
		<key>A9C8E3C7C36D2E597000C6DB</key>
		<dict>
			<key>includeInIndex</key>
			<string>1</string>
			<key>isa</key>
			<string>PBXFileReference</string>
			<key>lastKnownFileType</key>
			<string>text.xcconfig</string>
			<key>name</key>
			<string>Pods-lookingfor-2ndproject.debug.xcconfig</string>
			<key>path</key>
			<string>Pods/Target Support Files/Pods-lookingfor-2ndproject/Pods-lookingfor-2ndproject.debug.xcconfig</string>
			<key>sourceTree</key>
			<string>&lt;group&gt;</string>
		</dict>
		<key>B84DF4DD1CFD9B8500D466C8</key>
		<dict>
			<key>fileEncoding</key>
			<string>4</string>
			<key>isa</key>
			<string>PBXFileReference</string>
			<key>lastKnownFileType</key>
			<string>sourcecode.swift</string>
			<key>path</key>
			<string>lineupcell.swift</string>
			<key>sourceTree</key>
			<string>&lt;group&gt;</string>
		</dict>
		<key>B84DF4DE1CFD9B8500D466C8</key>
		<dict>
			<key>fileRef</key>
			<string>B84DF4DD1CFD9B8500D466C8</string>
			<key>isa</key>
			<string>PBXBuildFile</string>
		</dict>
		<key>B84DF4DF1CFD9CDA00D466C8</key>
		<dict>
			<key>fileEncoding</key>
			<string>4</string>
			<key>isa</key>
			<string>PBXFileReference</string>
			<key>lastKnownFileType</key>
			<string>sourcecode.swift</string>
			<key>path</key>
			<string>lookforViewController.swift</string>
			<key>sourceTree</key>
			<string>&lt;group&gt;</string>
		</dict>
		<key>B84DF4E01CFD9CDA00D466C8</key>
		<dict>
			<key>fileRef</key>
			<string>B84DF4DF1CFD9CDA00D466C8</string>
			<key>isa</key>
			<string>PBXBuildFile</string>
		</dict>
		<key>B84DF4E11CFDA9E700D466C8</key>
		<dict>
			<key>fileEncoding</key>
			<string>4</string>
			<key>isa</key>
			<string>PBXFileReference</string>
			<key>lastKnownFileType</key>
			<string>sourcecode.swift</string>
			<key>name</key>
			<string>menuViewController.swift</string>
			<key>path</key>
			<string>../menuViewController.swift</string>
			<key>sourceTree</key>
			<string>&lt;group&gt;</string>
		</dict>
		<key>B84DF4E21CFDA9E700D466C8</key>
		<dict>
			<key>fileRef</key>
			<string>B84DF4E11CFDA9E700D466C8</string>
			<key>isa</key>
			<string>PBXBuildFile</string>
		</dict>
		<key>B84DF4E31CFDA9FA00D466C8</key>
		<dict>
			<key>fileEncoding</key>
			<string>4</string>
			<key>isa</key>
			<string>PBXFileReference</string>
			<key>lastKnownFileType</key>
			<string>sourcecode.swift</string>
			<key>path</key>
			<string>CameraViewController.swift</string>
			<key>sourceTree</key>
			<string>&lt;group&gt;</string>
		</dict>
		<key>B84DF4E41CFDA9FA00D466C8</key>
		<dict>
			<key>fileRef</key>
			<string>B84DF4E31CFDA9FA00D466C8</string>
			<key>isa</key>
			<string>PBXBuildFile</string>
		</dict>
		<key>B8AD00181CEB2D900090DA80</key>
		<dict>
			<key>children</key>
			<array>
				<string>B8AD00231CEB2D900090DA80</string>
				<string>B8AD00381CEB2D900090DA80</string>
				<string>B8AD00431CEB2D900090DA80</string>
				<string>B8AD00221CEB2D900090DA80</string>
				<string>435E78EFA99B3E879FE6FED5</string>
				<string>9AD6E1C631FD791599F38F82</string>
			</array>
			<key>isa</key>
			<string>PBXGroup</string>
			<key>sourceTree</key>
			<string>&lt;group&gt;</string>
		</dict>
		<key>B8AD00191CEB2D900090DA80</key>
		<dict>
			<key>attributes</key>
			<dict>
				<key>LastSwiftUpdateCheck</key>
				<string>0730</string>
				<key>LastUpgradeCheck</key>
				<string>0730</string>
				<key>ORGANIZATIONNAME</key>
				<string>Leon Iwami</string>
				<key>TargetAttributes</key>
				<dict>
					<key>B8AD00201CEB2D900090DA80</key>
					<dict>
						<key>CreatedOnToolsVersion</key>
						<string>7.3.1</string>
						<key>DevelopmentTeam</key>
						<string>Y65BVE3W82</string>
					</dict>
					<key>B8AD00341CEB2D900090DA80</key>
					<dict>
						<key>CreatedOnToolsVersion</key>
						<string>7.3.1</string>
						<key>DevelopmentTeam</key>
						<string>Y65BVE3W82</string>
						<key>TestTargetID</key>
						<string>B8AD00201CEB2D900090DA80</string>
					</dict>
					<key>B8AD003F1CEB2D900090DA80</key>
					<dict>
						<key>CreatedOnToolsVersion</key>
						<string>7.3.1</string>
						<key>DevelopmentTeam</key>
						<string>Y65BVE3W82</string>
						<key>TestTargetID</key>
						<string>B8AD00201CEB2D900090DA80</string>
					</dict>
				</dict>
			</dict>
			<key>buildConfigurationList</key>
			<string>B8AD001C1CEB2D900090DA80</string>
			<key>compatibilityVersion</key>
			<string>Xcode 3.2</string>
			<key>developmentRegion</key>
			<string>English</string>
			<key>hasScannedForEncodings</key>
			<string>0</string>
			<key>isa</key>
			<string>PBXProject</string>
			<key>knownRegions</key>
			<array>
				<string>en</string>
				<string>Base</string>
			</array>
			<key>mainGroup</key>
			<string>B8AD00181CEB2D900090DA80</string>
			<key>productRefGroup</key>
			<string>B8AD00221CEB2D900090DA80</string>
			<key>projectDirPath</key>
			<string></string>
			<key>projectReferences</key>
			<array/>
			<key>projectRoot</key>
			<string></string>
			<key>targets</key>
			<array>
				<string>B8AD00201CEB2D900090DA80</string>
				<string>B8AD00341CEB2D900090DA80</string>
				<string>B8AD003F1CEB2D900090DA80</string>
			</array>
		</dict>
		<key>B8AD001C1CEB2D900090DA80</key>
		<dict>
			<key>buildConfigurations</key>
			<array>
				<string>B8AD00471CEB2D900090DA80</string>
				<string>B8AD00481CEB2D900090DA80</string>
			</array>
			<key>defaultConfigurationIsVisible</key>
			<string>0</string>
			<key>defaultConfigurationName</key>
			<string>Release</string>
			<key>isa</key>
			<string>XCConfigurationList</string>
		</dict>
		<key>B8AD001D1CEB2D900090DA80</key>
		<dict>
			<key>buildActionMask</key>
			<string>2147483647</string>
			<key>files</key>
			<array>
				<string>B84DF4DE1CFD9B8500D466C8</string>
				<string>B84DF4E41CFDA9FA00D466C8</string>
				<string>B84DF4E01CFD9CDA00D466C8</string>
				<string>B8AD00251CEB2D900090DA80</string>
				<string>B84DF4E21CFDA9E700D466C8</string>
			</array>
			<key>isa</key>
			<string>PBXSourcesBuildPhase</string>
			<key>runOnlyForDeploymentPostprocessing</key>
			<string>0</string>
		</dict>
		<key>B8AD001E1CEB2D900090DA80</key>
		<dict>
			<key>buildActionMask</key>
			<string>2147483647</string>
			<key>files</key>
			<array>
				<string>4BEE527E593477BD9A42B34C</string>
			</array>
			<key>isa</key>
			<string>PBXFrameworksBuildPhase</string>
			<key>runOnlyForDeploymentPostprocessing</key>
			<string>0</string>
		</dict>
		<key>B8AD001F1CEB2D900090DA80</key>
		<dict>
			<key>buildActionMask</key>
			<string>2147483647</string>
			<key>files</key>
			<array>
				<string>B8AD002F1CEB2D900090DA80</string>
				<string>B8AD00531CEB2EB70090DA80</string>
				<string>B8AD002C1CEB2D900090DA80</string>
				<string>B8AD002A1CEB2D900090DA80</string>
			</array>
			<key>isa</key>
			<string>PBXResourcesBuildPhase</string>
			<key>runOnlyForDeploymentPostprocessing</key>
			<string>0</string>
		</dict>
		<key>B8AD00201CEB2D900090DA80</key>
		<dict>
			<key>buildConfigurationList</key>
			<string>B8AD00491CEB2D900090DA80</string>
			<key>buildPhases</key>
			<array>
				<string>695DD97E764EF5858EB50633</string>
				<string>B8AD001D1CEB2D900090DA80</string>
				<string>B8AD001E1CEB2D900090DA80</string>
				<string>B8AD001F1CEB2D900090DA80</string>
				<string>D46B958FDD5246632553F9BF</string>
				<string>843ACCFA911F61638BA2A007</string>
			</array>
			<key>buildRules</key>
			<array/>
			<key>dependencies</key>
			<array/>
			<key>isa</key>
			<string>PBXNativeTarget</string>
			<key>name</key>
			<string>lookingfor-2ndproject</string>
			<key>productName</key>
			<string>lookingfor-2ndproject</string>
			<key>productReference</key>
			<string>B8AD00211CEB2D900090DA80</string>
			<key>productType</key>
			<string>com.apple.product-type.application</string>
		</dict>
		<key>B8AD00211CEB2D900090DA80</key>
		<dict>
			<key>explicitFileType</key>
			<string>wrapper.application</string>
			<key>includeInIndex</key>
			<string>0</string>
			<key>isa</key>
			<string>PBXFileReference</string>
			<key>path</key>
			<string>lookingfor-2ndproject.app</string>
			<key>sourceTree</key>
			<string>BUILT_PRODUCTS_DIR</string>
		</dict>
		<key>B8AD00221CEB2D900090DA80</key>
		<dict>
			<key>children</key>
			<array>
				<string>B8AD00211CEB2D900090DA80</string>
				<string>B8AD00351CEB2D900090DA80</string>
				<string>B8AD00401CEB2D900090DA80</string>
			</array>
			<key>isa</key>
			<string>PBXGroup</string>
			<key>name</key>
			<string>Products</string>
			<key>sourceTree</key>
			<string>&lt;group&gt;</string>
		</dict>
		<key>B8AD00231CEB2D900090DA80</key>
		<dict>
			<key>children</key>
			<array>
				<string>B8AD00241CEB2D900090DA80</string>
				<string>B84DF4E11CFDA9E700D466C8</string>
				<string>B84DF4E31CFDA9FA00D466C8</string>
				<string>B84DF4DF1CFD9CDA00D466C8</string>
				<string>B84DF4DD1CFD9B8500D466C8</string>
				<string>B8AD00281CEB2D900090DA80</string>
				<string>B8AD00521CEB2EB70090DA80</string>
				<string>B8AD002B1CEB2D900090DA80</string>
				<string>B8AD002D1CEB2D900090DA80</string>
				<string>B8AD00301CEB2D900090DA80</string>
			</array>
			<key>isa</key>
			<string>PBXGroup</string>
			<key>path</key>
			<string>lookingfor-2ndproject</string>
			<key>sourceTree</key>
			<string>&lt;group&gt;</string>
		</dict>
		<key>B8AD00241CEB2D900090DA80</key>
		<dict>
			<key>isa</key>
			<string>PBXFileReference</string>
			<key>lastKnownFileType</key>
			<string>sourcecode.swift</string>
			<key>path</key>
			<string>AppDelegate.swift</string>
			<key>sourceTree</key>
			<string>&lt;group&gt;</string>
		</dict>
		<key>B8AD00251CEB2D900090DA80</key>
		<dict>
			<key>fileRef</key>
			<string>B8AD00241CEB2D900090DA80</string>
			<key>isa</key>
			<string>PBXBuildFile</string>
		</dict>
		<key>B8AD00281CEB2D900090DA80</key>
		<dict>
			<key>children</key>
			<array>
				<string>B8AD00291CEB2D900090DA80</string>
			</array>
			<key>isa</key>
			<string>PBXVariantGroup</string>
			<key>name</key>
			<string>Main.storyboard</string>
			<key>sourceTree</key>
			<string>&lt;group&gt;</string>
		</dict>
		<key>B8AD00291CEB2D900090DA80</key>
		<dict>
			<key>isa</key>
			<string>PBXFileReference</string>
			<key>lastKnownFileType</key>
			<string>file.storyboard</string>
			<key>name</key>
			<string>Base</string>
			<key>path</key>
			<string>Base.lproj/Main.storyboard</string>
			<key>sourceTree</key>
			<string>&lt;group&gt;</string>
		</dict>
		<key>B8AD002A1CEB2D900090DA80</key>
		<dict>
			<key>fileRef</key>
			<string>B8AD00281CEB2D900090DA80</string>
			<key>isa</key>
			<string>PBXBuildFile</string>
		</dict>
		<key>B8AD002B1CEB2D900090DA80</key>
		<dict>
			<key>isa</key>
			<string>PBXFileReference</string>
			<key>lastKnownFileType</key>
			<string>folder.assetcatalog</string>
			<key>path</key>
			<string>Assets.xcassets</string>
			<key>sourceTree</key>
			<string>&lt;group&gt;</string>
		</dict>
		<key>B8AD002C1CEB2D900090DA80</key>
		<dict>
			<key>fileRef</key>
			<string>B8AD002B1CEB2D900090DA80</string>
			<key>isa</key>
			<string>PBXBuildFile</string>
		</dict>
		<key>B8AD002D1CEB2D900090DA80</key>
		<dict>
			<key>children</key>
			<array>
				<string>B8AD002E1CEB2D900090DA80</string>
			</array>
			<key>isa</key>
			<string>PBXVariantGroup</string>
			<key>name</key>
			<string>LaunchScreen.storyboard</string>
			<key>sourceTree</key>
			<string>&lt;group&gt;</string>
		</dict>
		<key>B8AD002E1CEB2D900090DA80</key>
		<dict>
			<key>isa</key>
			<string>PBXFileReference</string>
			<key>lastKnownFileType</key>
			<string>file.storyboard</string>
			<key>name</key>
			<string>Base</string>
			<key>path</key>
			<string>Base.lproj/LaunchScreen.storyboard</string>
			<key>sourceTree</key>
			<string>&lt;group&gt;</string>
		</dict>
		<key>B8AD002F1CEB2D900090DA80</key>
		<dict>
			<key>fileRef</key>
			<string>B8AD002D1CEB2D900090DA80</string>
			<key>isa</key>
			<string>PBXBuildFile</string>
		</dict>
		<key>B8AD00301CEB2D900090DA80</key>
		<dict>
			<key>isa</key>
			<string>PBXFileReference</string>
			<key>lastKnownFileType</key>
			<string>text.plist.xml</string>
			<key>path</key>
			<string>Info.plist</string>
			<key>sourceTree</key>
			<string>&lt;group&gt;</string>
		</dict>
		<key>B8AD00311CEB2D900090DA80</key>
		<dict>
			<key>buildActionMask</key>
			<string>2147483647</string>
			<key>files</key>
			<array>
				<string>B8AD003A1CEB2D900090DA80</string>
			</array>
			<key>isa</key>
			<string>PBXSourcesBuildPhase</string>
			<key>runOnlyForDeploymentPostprocessing</key>
			<string>0</string>
		</dict>
		<key>B8AD00321CEB2D900090DA80</key>
		<dict>
			<key>buildActionMask</key>
			<string>2147483647</string>
			<key>files</key>
			<array/>
			<key>isa</key>
			<string>PBXFrameworksBuildPhase</string>
			<key>runOnlyForDeploymentPostprocessing</key>
			<string>0</string>
		</dict>
		<key>B8AD00331CEB2D900090DA80</key>
		<dict>
			<key>buildActionMask</key>
			<string>2147483647</string>
			<key>files</key>
			<array/>
			<key>isa</key>
			<string>PBXResourcesBuildPhase</string>
			<key>runOnlyForDeploymentPostprocessing</key>
			<string>0</string>
		</dict>
		<key>B8AD00341CEB2D900090DA80</key>
		<dict>
			<key>buildConfigurationList</key>
			<string>B8AD004C1CEB2D900090DA80</string>
			<key>buildPhases</key>
			<array>
				<string>B8AD00311CEB2D900090DA80</string>
				<string>B8AD00321CEB2D900090DA80</string>
				<string>B8AD00331CEB2D900090DA80</string>
			</array>
			<key>buildRules</key>
			<array/>
			<key>dependencies</key>
			<array>
				<string>B8AD00371CEB2D900090DA80</string>
			</array>
			<key>isa</key>
			<string>PBXNativeTarget</string>
			<key>name</key>
			<string>lookingfor-2ndprojectTests</string>
			<key>productName</key>
			<string>lookingfor-2ndprojectTests</string>
			<key>productReference</key>
			<string>B8AD00351CEB2D900090DA80</string>
			<key>productType</key>
			<string>com.apple.product-type.bundle.unit-test</string>
		</dict>
		<key>B8AD00351CEB2D900090DA80</key>
		<dict>
			<key>explicitFileType</key>
			<string>wrapper.cfbundle</string>
			<key>includeInIndex</key>
			<string>0</string>
			<key>isa</key>
			<string>PBXFileReference</string>
			<key>path</key>
			<string>lookingfor-2ndprojectTests.xctest</string>
			<key>sourceTree</key>
			<string>BUILT_PRODUCTS_DIR</string>
		</dict>
		<key>B8AD00361CEB2D900090DA80</key>
		<dict>
			<key>containerPortal</key>
			<string>B8AD00191CEB2D900090DA80</string>
			<key>isa</key>
			<string>PBXContainerItemProxy</string>
			<key>proxyType</key>
			<string>1</string>
			<key>remoteGlobalIDString</key>
			<string>B8AD00201CEB2D900090DA80</string>
			<key>remoteInfo</key>
			<string>lookingfor-2ndproject</string>
		</dict>
		<key>B8AD00371CEB2D900090DA80</key>
		<dict>
			<key>isa</key>
			<string>PBXTargetDependency</string>
			<key>target</key>
			<string>B8AD00201CEB2D900090DA80</string>
			<key>targetProxy</key>
			<string>B8AD00361CEB2D900090DA80</string>
		</dict>
		<key>B8AD00381CEB2D900090DA80</key>
		<dict>
			<key>children</key>
			<array>
				<string>B8AD00391CEB2D900090DA80</string>
				<string>B8AD003B1CEB2D900090DA80</string>
			</array>
			<key>isa</key>
			<string>PBXGroup</string>
			<key>path</key>
			<string>lookingfor-2ndprojectTests</string>
			<key>sourceTree</key>
			<string>&lt;group&gt;</string>
		</dict>
		<key>B8AD00391CEB2D900090DA80</key>
		<dict>
			<key>isa</key>
			<string>PBXFileReference</string>
			<key>lastKnownFileType</key>
			<string>sourcecode.swift</string>
			<key>path</key>
			<string>lookingfor_2ndprojectTests.swift</string>
			<key>sourceTree</key>
			<string>&lt;group&gt;</string>
		</dict>
		<key>B8AD003A1CEB2D900090DA80</key>
		<dict>
			<key>fileRef</key>
			<string>B8AD00391CEB2D900090DA80</string>
			<key>isa</key>
			<string>PBXBuildFile</string>
		</dict>
		<key>B8AD003B1CEB2D900090DA80</key>
		<dict>
			<key>isa</key>
			<string>PBXFileReference</string>
			<key>lastKnownFileType</key>
			<string>text.plist.xml</string>
			<key>path</key>
			<string>Info.plist</string>
			<key>sourceTree</key>
			<string>&lt;group&gt;</string>
		</dict>
		<key>B8AD003C1CEB2D900090DA80</key>
		<dict>
			<key>buildActionMask</key>
			<string>2147483647</string>
			<key>files</key>
			<array>
				<string>B8AD00451CEB2D900090DA80</string>
			</array>
			<key>isa</key>
			<string>PBXSourcesBuildPhase</string>
			<key>runOnlyForDeploymentPostprocessing</key>
			<string>0</string>
		</dict>
		<key>B8AD003D1CEB2D900090DA80</key>
		<dict>
			<key>buildActionMask</key>
			<string>2147483647</string>
			<key>files</key>
			<array/>
			<key>isa</key>
			<string>PBXFrameworksBuildPhase</string>
			<key>runOnlyForDeploymentPostprocessing</key>
			<string>0</string>
		</dict>
		<key>B8AD003E1CEB2D900090DA80</key>
		<dict>
			<key>buildActionMask</key>
			<string>2147483647</string>
			<key>files</key>
			<array/>
			<key>isa</key>
			<string>PBXResourcesBuildPhase</string>
			<key>runOnlyForDeploymentPostprocessing</key>
			<string>0</string>
		</dict>
		<key>B8AD003F1CEB2D900090DA80</key>
		<dict>
			<key>buildConfigurationList</key>
			<string>B8AD004F1CEB2D900090DA80</string>
			<key>buildPhases</key>
			<array>
				<string>B8AD003C1CEB2D900090DA80</string>
				<string>B8AD003D1CEB2D900090DA80</string>
				<string>B8AD003E1CEB2D900090DA80</string>
			</array>
			<key>buildRules</key>
			<array/>
			<key>dependencies</key>
			<array>
				<string>B8AD00421CEB2D900090DA80</string>
			</array>
			<key>isa</key>
			<string>PBXNativeTarget</string>
			<key>name</key>
			<string>lookingfor-2ndprojectUITests</string>
			<key>productName</key>
			<string>lookingfor-2ndprojectUITests</string>
			<key>productReference</key>
			<string>B8AD00401CEB2D900090DA80</string>
			<key>productType</key>
			<string>com.apple.product-type.bundle.ui-testing</string>
		</dict>
		<key>B8AD00401CEB2D900090DA80</key>
		<dict>
			<key>explicitFileType</key>
			<string>wrapper.cfbundle</string>
			<key>includeInIndex</key>
			<string>0</string>
			<key>isa</key>
			<string>PBXFileReference</string>
			<key>path</key>
			<string>lookingfor-2ndprojectUITests.xctest</string>
			<key>sourceTree</key>
			<string>BUILT_PRODUCTS_DIR</string>
		</dict>
		<key>B8AD00411CEB2D900090DA80</key>
		<dict>
			<key>containerPortal</key>
			<string>B8AD00191CEB2D900090DA80</string>
			<key>isa</key>
			<string>PBXContainerItemProxy</string>
			<key>proxyType</key>
			<string>1</string>
			<key>remoteGlobalIDString</key>
			<string>B8AD00201CEB2D900090DA80</string>
			<key>remoteInfo</key>
			<string>lookingfor-2ndproject</string>
		</dict>
		<key>B8AD00421CEB2D900090DA80</key>
		<dict>
			<key>isa</key>
			<string>PBXTargetDependency</string>
			<key>target</key>
			<string>B8AD00201CEB2D900090DA80</string>
			<key>targetProxy</key>
			<string>B8AD00411CEB2D900090DA80</string>
		</dict>
		<key>B8AD00431CEB2D900090DA80</key>
		<dict>
			<key>children</key>
			<array>
				<string>B8AD00441CEB2D900090DA80</string>
				<string>B8AD00461CEB2D900090DA80</string>
			</array>
			<key>isa</key>
			<string>PBXGroup</string>
			<key>path</key>
			<string>lookingfor-2ndprojectUITests</string>
			<key>sourceTree</key>
			<string>&lt;group&gt;</string>
		</dict>
		<key>B8AD00441CEB2D900090DA80</key>
		<dict>
			<key>isa</key>
			<string>PBXFileReference</string>
			<key>lastKnownFileType</key>
			<string>sourcecode.swift</string>
			<key>path</key>
			<string>lookingfor_2ndprojectUITests.swift</string>
			<key>sourceTree</key>
			<string>&lt;group&gt;</string>
		</dict>
		<key>B8AD00451CEB2D900090DA80</key>
		<dict>
			<key>fileRef</key>
			<string>B8AD00441CEB2D900090DA80</string>
			<key>isa</key>
			<string>PBXBuildFile</string>
		</dict>
		<key>B8AD00461CEB2D900090DA80</key>
		<dict>
			<key>isa</key>
			<string>PBXFileReference</string>
			<key>lastKnownFileType</key>
			<string>text.plist.xml</string>
			<key>path</key>
			<string>Info.plist</string>
			<key>sourceTree</key>
			<string>&lt;group&gt;</string>
		</dict>
		<key>B8AD00471CEB2D900090DA80</key>
		<dict>
			<key>buildSettings</key>
			<dict>
				<key>ALWAYS_SEARCH_USER_PATHS</key>
				<string>NO</string>
				<key>CLANG_ANALYZER_NONNULL</key>
				<string>YES</string>
				<key>CLANG_CXX_LANGUAGE_STANDARD</key>
				<string>gnu++0x</string>
				<key>CLANG_CXX_LIBRARY</key>
				<string>libc++</string>
				<key>CLANG_ENABLE_MODULES</key>
				<string>YES</string>
				<key>CLANG_ENABLE_OBJC_ARC</key>
				<string>YES</string>
				<key>CLANG_WARN_BOOL_CONVERSION</key>
				<string>YES</string>
				<key>CLANG_WARN_CONSTANT_CONVERSION</key>
				<string>YES</string>
				<key>CLANG_WARN_DIRECT_OBJC_ISA_USAGE</key>
				<string>YES_ERROR</string>
				<key>CLANG_WARN_EMPTY_BODY</key>
				<string>YES</string>
				<key>CLANG_WARN_ENUM_CONVERSION</key>
				<string>YES</string>
				<key>CLANG_WARN_INT_CONVERSION</key>
				<string>YES</string>
				<key>CLANG_WARN_OBJC_ROOT_CLASS</key>
				<string>YES_ERROR</string>
				<key>CLANG_WARN_UNREACHABLE_CODE</key>
				<string>YES</string>
				<key>CLANG_WARN__DUPLICATE_METHOD_MATCH</key>
				<string>YES</string>
				<key>CODE_SIGN_IDENTITY[sdk=iphoneos*]</key>
				<string>iPhone Developer</string>
				<key>COPY_PHASE_STRIP</key>
				<string>NO</string>
				<key>DEBUG_INFORMATION_FORMAT</key>
				<string>dwarf</string>
				<key>ENABLE_STRICT_OBJC_MSGSEND</key>
				<string>YES</string>
				<key>ENABLE_TESTABILITY</key>
				<string>YES</string>
				<key>GCC_C_LANGUAGE_STANDARD</key>
				<string>gnu99</string>
				<key>GCC_DYNAMIC_NO_PIC</key>
				<string>NO</string>
				<key>GCC_NO_COMMON_BLOCKS</key>
				<string>YES</string>
				<key>GCC_OPTIMIZATION_LEVEL</key>
				<string>0</string>
				<key>GCC_PREPROCESSOR_DEFINITIONS</key>
				<array>
					<string>DEBUG=1</string>
					<string>$(inherited)</string>
				</array>
				<key>GCC_WARN_64_TO_32_BIT_CONVERSION</key>
				<string>YES</string>
				<key>GCC_WARN_ABOUT_RETURN_TYPE</key>
				<string>YES_ERROR</string>
				<key>GCC_WARN_UNDECLARED_SELECTOR</key>
				<string>YES</string>
				<key>GCC_WARN_UNINITIALIZED_AUTOS</key>
				<string>YES_AGGRESSIVE</string>
				<key>GCC_WARN_UNUSED_FUNCTION</key>
				<string>YES</string>
				<key>GCC_WARN_UNUSED_VARIABLE</key>
				<string>YES</string>
				<key>IPHONEOS_DEPLOYMENT_TARGET</key>
				<string>9.3</string>
				<key>MTL_ENABLE_DEBUG_INFO</key>
				<string>YES</string>
				<key>ONLY_ACTIVE_ARCH</key>
				<string>YES</string>
				<key>SDKROOT</key>
				<string>iphoneos</string>
				<key>SWIFT_OPTIMIZATION_LEVEL</key>
				<string>-Onone</string>
			</dict>
			<key>isa</key>
			<string>XCBuildConfiguration</string>
			<key>name</key>
			<string>Debug</string>
		</dict>
		<key>B8AD00481CEB2D900090DA80</key>
		<dict>
			<key>buildSettings</key>
			<dict>
				<key>ALWAYS_SEARCH_USER_PATHS</key>
				<string>NO</string>
				<key>CLANG_ANALYZER_NONNULL</key>
				<string>YES</string>
				<key>CLANG_CXX_LANGUAGE_STANDARD</key>
				<string>gnu++0x</string>
				<key>CLANG_CXX_LIBRARY</key>
				<string>libc++</string>
				<key>CLANG_ENABLE_MODULES</key>
				<string>YES</string>
				<key>CLANG_ENABLE_OBJC_ARC</key>
				<string>YES</string>
				<key>CLANG_WARN_BOOL_CONVERSION</key>
				<string>YES</string>
				<key>CLANG_WARN_CONSTANT_CONVERSION</key>
				<string>YES</string>
				<key>CLANG_WARN_DIRECT_OBJC_ISA_USAGE</key>
				<string>YES_ERROR</string>
				<key>CLANG_WARN_EMPTY_BODY</key>
				<string>YES</string>
				<key>CLANG_WARN_ENUM_CONVERSION</key>
				<string>YES</string>
				<key>CLANG_WARN_INT_CONVERSION</key>
				<string>YES</string>
				<key>CLANG_WARN_OBJC_ROOT_CLASS</key>
				<string>YES_ERROR</string>
				<key>CLANG_WARN_UNREACHABLE_CODE</key>
				<string>YES</string>
				<key>CLANG_WARN__DUPLICATE_METHOD_MATCH</key>
				<string>YES</string>
				<key>CODE_SIGN_IDENTITY[sdk=iphoneos*]</key>
				<string>iPhone Developer</string>
				<key>COPY_PHASE_STRIP</key>
				<string>NO</string>
				<key>DEBUG_INFORMATION_FORMAT</key>
				<string>dwarf-with-dsym</string>
				<key>ENABLE_NS_ASSERTIONS</key>
				<string>NO</string>
				<key>ENABLE_STRICT_OBJC_MSGSEND</key>
				<string>YES</string>
				<key>GCC_C_LANGUAGE_STANDARD</key>
				<string>gnu99</string>
				<key>GCC_NO_COMMON_BLOCKS</key>
				<string>YES</string>
				<key>GCC_WARN_64_TO_32_BIT_CONVERSION</key>
				<string>YES</string>
				<key>GCC_WARN_ABOUT_RETURN_TYPE</key>
				<string>YES_ERROR</string>
				<key>GCC_WARN_UNDECLARED_SELECTOR</key>
				<string>YES</string>
				<key>GCC_WARN_UNINITIALIZED_AUTOS</key>
				<string>YES_AGGRESSIVE</string>
				<key>GCC_WARN_UNUSED_FUNCTION</key>
				<string>YES</string>
				<key>GCC_WARN_UNUSED_VARIABLE</key>
				<string>YES</string>
				<key>IPHONEOS_DEPLOYMENT_TARGET</key>
				<string>9.3</string>
				<key>MTL_ENABLE_DEBUG_INFO</key>
				<string>NO</string>
				<key>SDKROOT</key>
				<string>iphoneos</string>
				<key>VALIDATE_PRODUCT</key>
				<string>YES</string>
			</dict>
			<key>isa</key>
			<string>XCBuildConfiguration</string>
			<key>name</key>
			<string>Release</string>
		</dict>
		<key>B8AD00491CEB2D900090DA80</key>
		<dict>
			<key>buildConfigurations</key>
			<array>
				<string>B8AD004A1CEB2D900090DA80</string>
				<string>B8AD004B1CEB2D900090DA80</string>
			</array>
			<key>defaultConfigurationIsVisible</key>
			<string>0</string>
			<key>defaultConfigurationName</key>
			<string>Release</string>
			<key>isa</key>
			<string>XCConfigurationList</string>
		</dict>
		<key>B8AD004A1CEB2D900090DA80</key>
		<dict>
			<key>baseConfigurationReference</key>
			<string>A9C8E3C7C36D2E597000C6DB</string>
			<key>buildSettings</key>
			<dict>
				<key>ASSETCATALOG_COMPILER_APPICON_NAME</key>
				<string>AppIcon</string>
				<key>CODE_SIGN_IDENTITY</key>
				<string>iPhone Developer</string>
				<key>CODE_SIGN_IDENTITY[sdk=iphoneos*]</key>
				<string>iPhone Developer</string>
				<key>INFOPLIST_FILE</key>
				<string>lookingfor-2ndproject/Info.plist</string>
				<key>LD_RUNPATH_SEARCH_PATHS</key>
				<string>$(inherited) @executable_path/Frameworks</string>
				<key>PRODUCT_BUNDLE_IDENTIFIER</key>
				<string>com.litech.lookingfor-2ndproject</string>
				<key>PRODUCT_NAME</key>
				<string>$(TARGET_NAME)</string>
				<key>PROVISIONING_PROFILE</key>
				<string></string>
			</dict>
			<key>isa</key>
			<string>XCBuildConfiguration</string>
			<key>name</key>
			<string>Debug</string>
		</dict>
		<key>B8AD004B1CEB2D900090DA80</key>
		<dict>
			<key>baseConfigurationReference</key>
			<string>EF94559278A9E30E81CFE14D</string>
			<key>buildSettings</key>
			<dict>
				<key>ASSETCATALOG_COMPILER_APPICON_NAME</key>
				<string>AppIcon</string>
				<key>CODE_SIGN_IDENTITY</key>
				<string>iPhone Developer</string>
				<key>CODE_SIGN_IDENTITY[sdk=iphoneos*]</key>
				<string>iPhone Developer</string>
				<key>INFOPLIST_FILE</key>
				<string>lookingfor-2ndproject/Info.plist</string>
				<key>LD_RUNPATH_SEARCH_PATHS</key>
				<string>$(inherited) @executable_path/Frameworks</string>
				<key>PRODUCT_BUNDLE_IDENTIFIER</key>
				<string>com.litech.lookingfor-2ndproject</string>
				<key>PRODUCT_NAME</key>
				<string>$(TARGET_NAME)</string>
				<key>PROVISIONING_PROFILE</key>
				<string></string>
			</dict>
			<key>isa</key>
			<string>XCBuildConfiguration</string>
			<key>name</key>
			<string>Release</string>
		</dict>
		<key>B8AD004C1CEB2D900090DA80</key>
		<dict>
			<key>buildConfigurations</key>
			<array>
				<string>B8AD004D1CEB2D900090DA80</string>
				<string>B8AD004E1CEB2D900090DA80</string>
			</array>
			<key>defaultConfigurationIsVisible</key>
			<string>0</string>
			<key>defaultConfigurationName</key>
			<string>Release</string>
			<key>isa</key>
			<string>XCConfigurationList</string>
		</dict>
		<key>B8AD004D1CEB2D900090DA80</key>
		<dict>
			<key>buildSettings</key>
			<dict>
				<key>BUNDLE_LOADER</key>
				<string>$(TEST_HOST)</string>
				<key>INFOPLIST_FILE</key>
				<string>lookingfor-2ndprojectTests/Info.plist</string>
				<key>LD_RUNPATH_SEARCH_PATHS</key>
				<string>$(inherited) @executable_path/Frameworks @loader_path/Frameworks</string>
				<key>PRODUCT_BUNDLE_IDENTIFIER</key>
				<string>com.litech.lookingfor-2ndprojectTests</string>
				<key>PRODUCT_NAME</key>
				<string>$(TARGET_NAME)</string>
				<key>TEST_HOST</key>
				<string>$(BUILT_PRODUCTS_DIR)/lookingfor-2ndproject.app/lookingfor-2ndproject</string>
			</dict>
			<key>isa</key>
			<string>XCBuildConfiguration</string>
			<key>name</key>
			<string>Debug</string>
		</dict>
		<key>B8AD004E1CEB2D900090DA80</key>
		<dict>
			<key>buildSettings</key>
			<dict>
				<key>BUNDLE_LOADER</key>
				<string>$(TEST_HOST)</string>
				<key>INFOPLIST_FILE</key>
				<string>lookingfor-2ndprojectTests/Info.plist</string>
				<key>LD_RUNPATH_SEARCH_PATHS</key>
				<string>$(inherited) @executable_path/Frameworks @loader_path/Frameworks</string>
				<key>PRODUCT_BUNDLE_IDENTIFIER</key>
				<string>com.litech.lookingfor-2ndprojectTests</string>
				<key>PRODUCT_NAME</key>
				<string>$(TARGET_NAME)</string>
				<key>TEST_HOST</key>
				<string>$(BUILT_PRODUCTS_DIR)/lookingfor-2ndproject.app/lookingfor-2ndproject</string>
			</dict>
			<key>isa</key>
			<string>XCBuildConfiguration</string>
			<key>name</key>
			<string>Release</string>
		</dict>
		<key>B8AD004F1CEB2D900090DA80</key>
		<dict>
			<key>buildConfigurations</key>
			<array>
				<string>B8AD00501CEB2D900090DA80</string>
				<string>B8AD00511CEB2D900090DA80</string>
			</array>
			<key>defaultConfigurationIsVisible</key>
			<string>0</string>
			<key>defaultConfigurationName</key>
			<string>Release</string>
			<key>isa</key>
			<string>XCConfigurationList</string>
		</dict>
		<key>B8AD00501CEB2D900090DA80</key>
		<dict>
			<key>buildSettings</key>
			<dict>
				<key>INFOPLIST_FILE</key>
				<string>lookingfor-2ndprojectUITests/Info.plist</string>
				<key>LD_RUNPATH_SEARCH_PATHS</key>
				<string>$(inherited) @executable_path/Frameworks @loader_path/Frameworks</string>
				<key>PRODUCT_BUNDLE_IDENTIFIER</key>
				<string>com.litech.lookingfor-2ndprojectUITests</string>
				<key>PRODUCT_NAME</key>
				<string>$(TARGET_NAME)</string>
				<key>TEST_TARGET_NAME</key>
				<string>lookingfor-2ndproject</string>
			</dict>
			<key>isa</key>
			<string>XCBuildConfiguration</string>
			<key>name</key>
			<string>Debug</string>
		</dict>
		<key>B8AD00511CEB2D900090DA80</key>
		<dict>
			<key>buildSettings</key>
			<dict>
				<key>INFOPLIST_FILE</key>
				<string>lookingfor-2ndprojectUITests/Info.plist</string>
				<key>LD_RUNPATH_SEARCH_PATHS</key>
				<string>$(inherited) @executable_path/Frameworks @loader_path/Frameworks</string>
				<key>PRODUCT_BUNDLE_IDENTIFIER</key>
				<string>com.litech.lookingfor-2ndprojectUITests</string>
				<key>PRODUCT_NAME</key>
				<string>$(TARGET_NAME)</string>
				<key>TEST_TARGET_NAME</key>
				<string>lookingfor-2ndproject</string>
			</dict>
			<key>isa</key>
			<string>XCBuildConfiguration</string>
			<key>name</key>
			<string>Release</string>
		</dict>
		<key>B8AD00521CEB2EB70090DA80</key>
		<dict>
			<key>isa</key>
			<string>PBXFileReference</string>
			<key>lastKnownFileType</key>
			<string>image.jpeg</string>
			<key>name</key>
			<string>IMG_6152.JPG</string>
			<key>path</key>
			<string>images/IMG_6152.JPG</string>
			<key>sourceTree</key>
			<string>SOURCE_ROOT</string>
		</dict>
		<key>B8AD00531CEB2EB70090DA80</key>
		<dict>
			<key>fileRef</key>
			<string>B8AD00521CEB2EB70090DA80</string>
			<key>isa</key>
			<string>PBXBuildFile</string>
		</dict>
		<key>D46B958FDD5246632553F9BF</key>
		<dict>
			<key>buildActionMask</key>
			<string>2147483647</string>
			<key>files</key>
			<array/>
			<key>inputPaths</key>
			<array/>
			<key>isa</key>
			<string>PBXShellScriptBuildPhase</string>
			<key>name</key>
			<string>Embed Pods Frameworks</string>
			<key>outputPaths</key>
			<array/>
			<key>runOnlyForDeploymentPostprocessing</key>
			<string>0</string>
			<key>shellPath</key>
			<string>/bin/sh</string>
			<key>shellScript</key>
			<string>"${SRCROOT}/Pods/Target Support Files/Pods-lookingfor-2ndproject/Pods-lookingfor-2ndproject-frameworks.sh"
</string>
			<key>showEnvVarsInLog</key>
			<string>0</string>
		</dict>
		<key>EF94559278A9E30E81CFE14D</key>
		<dict>
			<key>includeInIndex</key>
			<string>1</string>
			<key>isa</key>
			<string>PBXFileReference</string>
			<key>lastKnownFileType</key>
			<string>text.xcconfig</string>
			<key>name</key>
			<string>Pods-lookingfor-2ndproject.release.xcconfig</string>
			<key>path</key>
			<string>Pods/Target Support Files/Pods-lookingfor-2ndproject/Pods-lookingfor-2ndproject.release.xcconfig</string>
			<key>sourceTree</key>
			<string>&lt;group&gt;</string>
		</dict>
	</dict>
	<key>rootObject</key>
	<string>B8AD00191CEB2D900090DA80</string>
</dict>
</plist>
